
Microsoft Visual Studio Solution File, Format Version 12.00
# Visual Studio Version 17
VisualStudioVersion = 17.0.31903.59
MinimumVisualStudioVersion = 10.0.40219.1
Project("{2150E333-8FDC-42A3-9474-1A3956D46DE8}") = "ShopingManagement", "ShopingManagement", "{4955841B-04FE-4280-8A33-15F6A341D55F}"
EndProject
Project("{2150E333-8FDC-42A3-9474-1A3956D46DE8}") = "Sh.Domain", "Sh.Domain", "{232E9497-E7A6-4A61-A587-7504CBE817B0}"
EndProject
Project("{9A19103F-16F7-4668-BE54-9A1E7A4F7556}") = "ShopManagement.Domain", "Sh.Domain\ShopManagement.Domain.csproj", "{B95F48AB-44D8-418A-8B01-E027AE0A1CAB}"
EndProject
Project("{2150E333-8FDC-42A3-9474-1A3956D46DE8}") = "Sh.Application", "Sh.Application", "{B7770ACE-E7C9-4A2B-BF23-E8DEE58D6A19}"
EndProject
Project("{9A19103F-16F7-4668-BE54-9A1E7A4F7556}") = "ShopManagement.Application.Contracts", "Sh.Application.Constract\ShopManagement.Application.Contracts.csproj", "{5CCDC000-CA54-4E3B-8AEB-230DADAA041F}"
EndProject
Project("{9A19103F-16F7-4668-BE54-9A1E7A4F7556}") = "ShopManagement.Application", "Sh.Application\ShopManagement.Application.csproj", "{12CF931B-C29F-4BD2-B01E-2F11CBE17570}"
EndProject
Project("{9A19103F-16F7-4668-BE54-9A1E7A4F7556}") = "01-framework", "01-framework\01-framework.csproj", "{62954427-4AB8-4892-A0B9-ED720963F8C9}"
EndProject
Project("{2150E333-8FDC-42A3-9474-1A3956D46DE8}") = "Sh.Infrastracture", "Sh.Infrastracture", "{1BF04FD2-3A8C-4D46-814D-A00EB5B7BDD0}"
EndProject
Project("{9A19103F-16F7-4668-BE54-9A1E7A4F7556}") = "ShopManagement.Infrastracture.EfCore", "ShopManagement.Infrastracture.EfCore\ShopManagement.Infrastracture.EfCore.csproj", "{339A56B2-07C9-4D1F-824F-872F99B4CD40}"
EndProject
Project("{9A19103F-16F7-4668-BE54-9A1E7A4F7556}") = "ShopManagement.Configuration", "ShopManagement.Configuration\ShopManagement.Configuration.csproj", "{1C1A4FE5-9B9F-426F-BBE3-872EECDB3B79}"
EndProject
Project("{9A19103F-16F7-4668-BE54-9A1E7A4F7556}") = "ServiceHost", "ServiceHost\ServiceHost.csproj", "{23EF7572-8A51-4671-AB25-57B4A60D282C}"
EndProject
Project("{9A19103F-16F7-4668-BE54-9A1E7A4F7556}") = "01-ShopQuery", "01-ShopQuery\01-ShopQuery.csproj", "{BFA257AF-C73F-45ED-871E-43ED1168EA2F}"
EndProject
Project("{2150E333-8FDC-42A3-9474-1A3956D46DE8}") = "DiscountManagmenet", "DiscountManagmenet", "{9FE1F3F0-970E-494A-AC77-46BE3EDC6223}"
EndProject
Project("{2150E333-8FDC-42A3-9474-1A3956D46DE8}") = "Dm.Domain", "Dm.Domain", "{A03A6F8C-9F56-4189-8084-5F24B1FE8C38}"
EndProject
Project("{9A19103F-16F7-4668-BE54-9A1E7A4F7556}") = "DiscountManagment.Domain", "DiscountManagment.Domain\DiscountManagment.Domain.csproj", "{C64B3EB6-ECFC-4FD4-A134-5A436B1C366F}"
EndProject
Project("{2150E333-8FDC-42A3-9474-1A3956D46DE8}") = "Dm.Application", "Dm.Application", "{E9A5372C-DA49-4619-8648-4425999F30EF}"
EndProject
Project("{9A19103F-16F7-4668-BE54-9A1E7A4F7556}") = "DiscountManagement.Application.Contracts", "DiscountManagement.Application.Contracts\DiscountManagement.Application.Contracts.csproj", "{26E16B0E-B479-45BD-BEE9-A7AF31F83D63}"
EndProject
Project("{2150E333-8FDC-42A3-9474-1A3956D46DE8}") = "Dm.Infrastracture", "Dm.Infrastracture", "{993D7F99-944A-42C1-9C1B-CC04B92555F1}"
EndProject
Project("{9A19103F-16F7-4668-BE54-9A1E7A4F7556}") = "DiscontManagement.Infrastracture.EfCore", "DiscontManagement.Infrastracture.EfCore\DiscontManagement.Infrastracture.EfCore.csproj", "{2FA20333-9C5F-4E9B-8688-E9868CB77B59}"
EndProject
Project("{9A19103F-16F7-4668-BE54-9A1E7A4F7556}") = "DiscountManagement.Apolication", "DiscountManagement.Apolication\DiscountManagement.Apolication.csproj", "{08F0147A-80AE-4D86-A5BA-AE2BD8B055A1}"
EndProject
Project("{9A19103F-16F7-4668-BE54-9A1E7A4F7556}") = "DiscountManegmant.Infrastracture.Configoration", "DiscountManegmant.Infrastracture.Configoration\DiscountManegmant.Infrastracture.Configoration.csproj", "{37E66ECB-2F00-4DFD-839A-A49F91C573F3}"
EndProject
Project("{2150E333-8FDC-42A3-9474-1A3956D46DE8}") = "InventoryManagement", "InventoryManagement", "{927D9619-21A2-48AC-B622-2DFC53E5E66F}"
EndProject
Project("{2150E333-8FDC-42A3-9474-1A3956D46DE8}") = "IM.Domain", "IM.Domain", "{C1E2F3CC-5ECE-4D0D-B705-3A65CCA80ABE}"
EndProject
Project("{9A19103F-16F7-4668-BE54-9A1E7A4F7556}") = "InventoryManagement.Domain", "InventoryManagement.Domain\InventoryManagement.Domain.csproj", "{47D3CB5A-E6B2-4B6F-A093-C6D3B39F2352}"
EndProject
Project("{2150E333-8FDC-42A3-9474-1A3956D46DE8}") = "IM.Application", "IM.Application", "{D37CD142-15D1-4D8E-B5E2-D20E13133CB6}"
EndProject
Project("{9A19103F-16F7-4668-BE54-9A1E7A4F7556}") = "Invertory.Application.Contracts", "Invertory.Application.Contracts\Invertory.Application.Contracts.csproj", "{6BE57B79-2A9D-4E6B-9439-5193B3830E54}"
EndProject
Project("{2150E333-8FDC-42A3-9474-1A3956D46DE8}") = "IM.Infrastracture", "IM.Infrastracture", "{0E9EDDF9-9FED-46C4-8434-A5BCACD0E590}"
EndProject
Project("{9A19103F-16F7-4668-BE54-9A1E7A4F7556}") = "InventoryManagement.Infrastructure.EfCore", "InventoryManagement.Infrastructure.EfCore\InventoryManagement.Infrastructure.EfCore.csproj", "{18802888-ED79-4792-9F01-B4E5E77BAA1F}"
EndProject
Project("{9A19103F-16F7-4668-BE54-9A1E7A4F7556}") = "InventoryManagement.Application", "InventoryManagement,Application\InventoryManagement.Application.csproj", "{F5C68255-F4AD-4C34-AC49-3F2F5FAB1596}"
EndProject
Project("{FAE04EC0-301F-11D3-BF4B-00C04F79EFBC}") = "InventoryManagement.Infrastracture.Configuration", "InventoryManagement.Infrastracture.Configuration\InventoryManagement.Infrastracture.Configuration.csproj", "{19CFD70F-DE40-46B6-A825-C4E8ADFFBC0B}"
EndProject
Global
	GlobalSection(SolutionConfigurationPlatforms) = preSolution
		Debug|Any CPU = Debug|Any CPU
		Release|Any CPU = Release|Any CPU
	EndGlobalSection
	GlobalSection(ProjectConfigurationPlatforms) = postSolution
		{B95F48AB-44D8-418A-8B01-E027AE0A1CAB}.Debug|Any CPU.ActiveCfg = Debug|Any CPU
		{B95F48AB-44D8-418A-8B01-E027AE0A1CAB}.Debug|Any CPU.Build.0 = Debug|Any CPU
		{B95F48AB-44D8-418A-8B01-E027AE0A1CAB}.Release|Any CPU.ActiveCfg = Release|Any CPU
		{B95F48AB-44D8-418A-8B01-E027AE0A1CAB}.Release|Any CPU.Build.0 = Release|Any CPU
		{5CCDC000-CA54-4E3B-8AEB-230DADAA041F}.Debug|Any CPU.ActiveCfg = Debug|Any CPU
		{5CCDC000-CA54-4E3B-8AEB-230DADAA041F}.Debug|Any CPU.Build.0 = Debug|Any CPU
		{5CCDC000-CA54-4E3B-8AEB-230DADAA041F}.Release|Any CPU.ActiveCfg = Release|Any CPU
		{5CCDC000-CA54-4E3B-8AEB-230DADAA041F}.Release|Any CPU.Build.0 = Release|Any CPU
		{12CF931B-C29F-4BD2-B01E-2F11CBE17570}.Debug|Any CPU.ActiveCfg = Debug|Any CPU
		{12CF931B-C29F-4BD2-B01E-2F11CBE17570}.Debug|Any CPU.Build.0 = Debug|Any CPU
		{12CF931B-C29F-4BD2-B01E-2F11CBE17570}.Release|Any CPU.ActiveCfg = Release|Any CPU
		{12CF931B-C29F-4BD2-B01E-2F11CBE17570}.Release|Any CPU.Build.0 = Release|Any CPU
		{62954427-4AB8-4892-A0B9-ED720963F8C9}.Debug|Any CPU.ActiveCfg = Debug|Any CPU
		{62954427-4AB8-4892-A0B9-ED720963F8C9}.Debug|Any CPU.Build.0 = Debug|Any CPU
		{62954427-4AB8-4892-A0B9-ED720963F8C9}.Release|Any CPU.ActiveCfg = Release|Any CPU
		{62954427-4AB8-4892-A0B9-ED720963F8C9}.Release|Any CPU.Build.0 = Release|Any CPU
		{339A56B2-07C9-4D1F-824F-872F99B4CD40}.Debug|Any CPU.ActiveCfg = Debug|Any CPU
		{339A56B2-07C9-4D1F-824F-872F99B4CD40}.Debug|Any CPU.Build.0 = Debug|Any CPU
		{339A56B2-07C9-4D1F-824F-872F99B4CD40}.Release|Any CPU.ActiveCfg = Release|Any CPU
		{339A56B2-07C9-4D1F-824F-872F99B4CD40}.Release|Any CPU.Build.0 = Release|Any CPU
		{1C1A4FE5-9B9F-426F-BBE3-872EECDB3B79}.Debug|Any CPU.ActiveCfg = Debug|Any CPU
		{1C1A4FE5-9B9F-426F-BBE3-872EECDB3B79}.Debug|Any CPU.Build.0 = Debug|Any CPU
		{1C1A4FE5-9B9F-426F-BBE3-872EECDB3B79}.Release|Any CPU.ActiveCfg = Release|Any CPU
		{1C1A4FE5-9B9F-426F-BBE3-872EECDB3B79}.Release|Any CPU.Build.0 = Release|Any CPU
		{23EF7572-8A51-4671-AB25-57B4A60D282C}.Debug|Any CPU.ActiveCfg = Debug|Any CPU
		{23EF7572-8A51-4671-AB25-57B4A60D282C}.Debug|Any CPU.Build.0 = Debug|Any CPU
		{23EF7572-8A51-4671-AB25-57B4A60D282C}.Release|Any CPU.ActiveCfg = Release|Any CPU
		{23EF7572-8A51-4671-AB25-57B4A60D282C}.Release|Any CPU.Build.0 = Release|Any CPU
		{BFA257AF-C73F-45ED-871E-43ED1168EA2F}.Debug|Any CPU.ActiveCfg = Debug|Any CPU
		{BFA257AF-C73F-45ED-871E-43ED1168EA2F}.Debug|Any CPU.Build.0 = Debug|Any CPU
		{BFA257AF-C73F-45ED-871E-43ED1168EA2F}.Release|Any CPU.ActiveCfg = Release|Any CPU
		{BFA257AF-C73F-45ED-871E-43ED1168EA2F}.Release|Any CPU.Build.0 = Release|Any CPU
		{C64B3EB6-ECFC-4FD4-A134-5A436B1C366F}.Debug|Any CPU.ActiveCfg = Debug|Any CPU
		{C64B3EB6-ECFC-4FD4-A134-5A436B1C366F}.Debug|Any CPU.Build.0 = Debug|Any CPU
		{C64B3EB6-ECFC-4FD4-A134-5A436B1C366F}.Release|Any CPU.ActiveCfg = Release|Any CPU
		{C64B3EB6-ECFC-4FD4-A134-5A436B1C366F}.Release|Any CPU.Build.0 = Release|Any CPU
		{26E16B0E-B479-45BD-BEE9-A7AF31F83D63}.Debug|Any CPU.ActiveCfg = Debug|Any CPU
		{26E16B0E-B479-45BD-BEE9-A7AF31F83D63}.Debug|Any CPU.Build.0 = Debug|Any CPU
		{26E16B0E-B479-45BD-BEE9-A7AF31F83D63}.Release|Any CPU.ActiveCfg = Release|Any CPU
		{26E16B0E-B479-45BD-BEE9-A7AF31F83D63}.Release|Any CPU.Build.0 = Release|Any CPU
		{2FA20333-9C5F-4E9B-8688-E9868CB77B59}.Debug|Any CPU.ActiveCfg = Debug|Any CPU
		{2FA20333-9C5F-4E9B-8688-E9868CB77B59}.Debug|Any CPU.Build.0 = Debug|Any CPU
		{2FA20333-9C5F-4E9B-8688-E9868CB77B59}.Release|Any CPU.ActiveCfg = Release|Any CPU
		{2FA20333-9C5F-4E9B-8688-E9868CB77B59}.Release|Any CPU.Build.0 = Release|Any CPU
		{08F0147A-80AE-4D86-A5BA-AE2BD8B055A1}.Debug|Any CPU.ActiveCfg = Debug|Any CPU
		{08F0147A-80AE-4D86-A5BA-AE2BD8B055A1}.Debug|Any CPU.Build.0 = Debug|Any CPU
		{08F0147A-80AE-4D86-A5BA-AE2BD8B055A1}.Release|Any CPU.ActiveCfg = Release|Any CPU
		{08F0147A-80AE-4D86-A5BA-AE2BD8B055A1}.Release|Any CPU.Build.0 = Release|Any CPU
		{37E66ECB-2F00-4DFD-839A-A49F91C573F3}.Debug|Any CPU.ActiveCfg = Debug|Any CPU
		{37E66ECB-2F00-4DFD-839A-A49F91C573F3}.Debug|Any CPU.Build.0 = Debug|Any CPU
		{37E66ECB-2F00-4DFD-839A-A49F91C573F3}.Release|Any CPU.ActiveCfg = Release|Any CPU
		{37E66ECB-2F00-4DFD-839A-A49F91C573F3}.Release|Any CPU.Build.0 = Release|Any CPU
		{47D3CB5A-E6B2-4B6F-A093-C6D3B39F2352}.Debug|Any CPU.ActiveCfg = Debug|Any CPU
		{47D3CB5A-E6B2-4B6F-A093-C6D3B39F2352}.Debug|Any CPU.Build.0 = Debug|Any CPU
		{47D3CB5A-E6B2-4B6F-A093-C6D3B39F2352}.Release|Any CPU.ActiveCfg = Release|Any CPU
		{47D3CB5A-E6B2-4B6F-A093-C6D3B39F2352}.Release|Any CPU.Build.0 = Release|Any CPU
		{6BE57B79-2A9D-4E6B-9439-5193B3830E54}.Debug|Any CPU.ActiveCfg = Debug|Any CPU
		{6BE57B79-2A9D-4E6B-9439-5193B3830E54}.Debug|Any CPU.Build.0 = Debug|Any CPU
		{6BE57B79-2A9D-4E6B-9439-5193B3830E54}.Release|Any CPU.ActiveCfg = Release|Any CPU
		{6BE57B79-2A9D-4E6B-9439-5193B3830E54}.Release|Any CPU.Build.0 = Release|Any CPU
		{18802888-ED79-4792-9F01-B4E5E77BAA1F}.Debug|Any CPU.ActiveCfg = Debug|Any CPU
		{18802888-ED79-4792-9F01-B4E5E77BAA1F}.Debug|Any CPU.Build.0 = Debug|Any CPU
		{18802888-ED79-4792-9F01-B4E5E77BAA1F}.Release|Any CPU.ActiveCfg = Release|Any CPU
		{18802888-ED79-4792-9F01-B4E5E77BAA1F}.Release|Any CPU.Build.0 = Release|Any CPU
		{F5C68255-F4AD-4C34-AC49-3F2F5FAB1596}.Debug|Any CPU.ActiveCfg = Debug|Any CPU
		{F5C68255-F4AD-4C34-AC49-3F2F5FAB1596}.Debug|Any CPU.Build.0 = Debug|Any CPU
		{F5C68255-F4AD-4C34-AC49-3F2F5FAB1596}.Release|Any CPU.ActiveCfg = Release|Any CPU
		{F5C68255-F4AD-4C34-AC49-3F2F5FAB1596}.Release|Any CPU.Build.0 = Release|Any CPU
		{19CFD70F-DE40-46B6-A825-C4E8ADFFBC0B}.Debug|Any CPU.ActiveCfg = Debug|Any CPU
		{19CFD70F-DE40-46B6-A825-C4E8ADFFBC0B}.Debug|Any CPU.Build.0 = Debug|Any CPU
		{19CFD70F-DE40-46B6-A825-C4E8ADFFBC0B}.Release|Any CPU.ActiveCfg = Release|Any CPU
		{19CFD70F-DE40-46B6-A825-C4E8ADFFBC0B}.Release|Any CPU.Build.0 = Release|Any CPU
	EndGlobalSection
	GlobalSection(SolutionProperties) = preSolution
		HideSolutionNode = FALSE
	EndGlobalSection
	GlobalSection(NestedProjects) = preSolution
		{232E9497-E7A6-4A61-A587-7504CBE817B0} = {4955841B-04FE-4280-8A33-15F6A341D55F}
		{B95F48AB-44D8-418A-8B01-E027AE0A1CAB} = {232E9497-E7A6-4A61-A587-7504CBE817B0}
		{B7770ACE-E7C9-4A2B-BF23-E8DEE58D6A19} = {4955841B-04FE-4280-8A33-15F6A341D55F}
		{5CCDC000-CA54-4E3B-8AEB-230DADAA041F} = {B7770ACE-E7C9-4A2B-BF23-E8DEE58D6A19}
		{12CF931B-C29F-4BD2-B01E-2F11CBE17570} = {B7770ACE-E7C9-4A2B-BF23-E8DEE58D6A19}
		{1BF04FD2-3A8C-4D46-814D-A00EB5B7BDD0} = {4955841B-04FE-4280-8A33-15F6A341D55F}
		{339A56B2-07C9-4D1F-824F-872F99B4CD40} = {1BF04FD2-3A8C-4D46-814D-A00EB5B7BDD0}
		{1C1A4FE5-9B9F-426F-BBE3-872EECDB3B79} = {1BF04FD2-3A8C-4D46-814D-A00EB5B7BDD0}
		{A03A6F8C-9F56-4189-8084-5F24B1FE8C38} = {9FE1F3F0-970E-494A-AC77-46BE3EDC6223}
		{C64B3EB6-ECFC-4FD4-A134-5A436B1C366F} = {A03A6F8C-9F56-4189-8084-5F24B1FE8C38}
		{E9A5372C-DA49-4619-8648-4425999F30EF} = {9FE1F3F0-970E-494A-AC77-46BE3EDC6223}
		{26E16B0E-B479-45BD-BEE9-A7AF31F83D63} = {E9A5372C-DA49-4619-8648-4425999F30EF}
		{993D7F99-944A-42C1-9C1B-CC04B92555F1} = {9FE1F3F0-970E-494A-AC77-46BE3EDC6223}
		{2FA20333-9C5F-4E9B-8688-E9868CB77B59} = {993D7F99-944A-42C1-9C1B-CC04B92555F1}
		{08F0147A-80AE-4D86-A5BA-AE2BD8B055A1} = {E9A5372C-DA49-4619-8648-4425999F30EF}
		{37E66ECB-2F00-4DFD-839A-A49F91C573F3} = {993D7F99-944A-42C1-9C1B-CC04B92555F1}
		{C1E2F3CC-5ECE-4D0D-B705-3A65CCA80ABE} = {927D9619-21A2-48AC-B622-2DFC53E5E66F}
		{47D3CB5A-E6B2-4B6F-A093-C6D3B39F2352} = {C1E2F3CC-5ECE-4D0D-B705-3A65CCA80ABE}
		{D37CD142-15D1-4D8E-B5E2-D20E13133CB6} = {927D9619-21A2-48AC-B622-2DFC53E5E66F}
		{6BE57B79-2A9D-4E6B-9439-5193B3830E54} = {D37CD142-15D1-4D8E-B5E2-D20E13133CB6}
		{0E9EDDF9-9FED-46C4-8434-A5BCACD0E590} = {927D9619-21A2-48AC-B622-2DFC53E5E66F}
		{18802888-ED79-4792-9F01-B4E5E77BAA1F} = {0E9EDDF9-9FED-46C4-8434-A5BCACD0E590}
		{F5C68255-F4AD-4C34-AC49-3F2F5FAB1596} = {D37CD142-15D1-4D8E-B5E2-D20E13133CB6}
		{19CFD70F-DE40-46B6-A825-C4E8ADFFBC0B} = {0E9EDDF9-9FED-46C4-8434-A5BCACD0E590}
	EndGlobalSection
	GlobalSection(ExtensibilityGlobals) = postSolution
		SolutionGuid = {6D7C0690-C9E5-45FA-9B9F-051ACF07DFE1}
	EndGlobalSection
EndGlobal
